PODS:
  - AFNetworking/NSURLSession (4.0.1):
    - AFNetworking/Reachability
    - AFNetworking/Security
    - AFNetworking/Serialization
  - AFNetworking/Reachability (4.0.1)
  - AFNetworking/Security (4.0.1)
  - AFNetworking/Serialization (4.0.1)
  - CHCUIKit (0.1.2)
  - HandyJSON (5.0.2)
  - YTKNetwork (3.0.0):
    - AFNetworking/NSURLSession (~> 4.0)

DEPENDENCIES:
  - CHCUIKit (= 0.1.2)
  - HandyJSON (= 5.0.2)
  - YTKNetwork (= 3.0.0)

SPEC REPOS:
  trunk:
    - AFNetworking
    - CHCUIKit
    - HandyJSON
    - YTKNetwork

SPEC CHECKSUMS:
  AFNetworking: 7864c38297c79aaca1500c33288e429c3451fdce
  CHCUIKit: f84105c4dcc9f42917cfc0a49f1374cab3304f6b
  HandyJSON: 9e4e236f5d2dbefad5155a77417bbea438201c03
  YTKNetwork: 0587ce85fda2e2c591405089cc9aaa61649aa5ed

PODFILE CHECKSUM: 10062822dfa06d27c12b62007ceb8230ae9f4dbc

COCOAPODS: 1.10.1
