PODS:
  - Alamofire (5.6.1)
  - Cache (6.0.0)
  - CHCUIKit (0.1.2)
  - CocoaLumberjack/Core (3.7.2)
  - CocoaLumberjack/Swift (3.7.2):
    - CocoaLumberjack/Core
  - dsBridge (3.0.6)
  - Gallery (2.4.0)
  - HandyJSON (5.0.2)
  - Kingfisher (6.3.1)
  - Moya/Core (15.0.0):
    - Alamofire (~> 5.0)
  - Moya/RxSwift (15.0.0):
    - Moya/Core
    - RxSwift (~> 6.0)
  - RxSwift (6.5.0)
  - SnapKit (5.0.1)
  - Toast-Swift (5.0.1)

DEPENDENCIES:
  - Cache (= 6.0.0)
  - CHCUIKit (= 0.1.2)
  - CocoaLumberjack/Swift (= 3.7.2)
  - dsBridge
  - Gallery (= 2.4.0)
  - HandyJSON (= 5.0.2)
  - Kingfisher (~> 6.3.1)
  - Moya/RxSwift (~> 15.0)
  - SnapKit (= 5.0.1)
  - Toast-Swift (= 5.0.1)

SPEC REPOS:
  trunk:
    - Alamofire
    - Cache
    - CHCUIKit
    - CocoaLumberjack
    - dsBridge
    - Gallery
    - HandyJSON
    - Kingfisher
    - Moya
    - RxSwift
    - SnapKit
    - Toast-Swift

SPEC CHECKSUMS:
  Alamofire: 87bd8c952f9a4454320fce00d9cc3de57bcadaf5
  Cache: 4ca7e00363fca5455f26534e5607634c820ffc2d
  CHCUIKit: f84105c4dcc9f42917cfc0a49f1374cab3304f6b
  CocoaLumberjack: b7e05132ff94f6ae4dfa9d5bce9141893a21d9da
  dsBridge: 48b62ee8a411ad601a88d6f6c8cf6cb634b206b7
  Gallery: b7fc1aeb68a39ad6d2c423574750196bf9b25e5c
  HandyJSON: 9e4e236f5d2dbefad5155a77417bbea438201c03
  Kingfisher: 016c8b653a35add51dd34a3aba36b580041acc74
  Moya: 138f0573e53411fb3dc17016add0b748dfbd78ee
  RxSwift: 5710a9e6b17f3c3d6e40d6e559b9fa1e813b2ef8
  SnapKit: 97b92857e3df3a0c71833cce143274bf6ef8e5eb
  Toast-Swift: 9b6a70f28b3bf0b96c40d46c0c4b9d6639846711

PODFILE CHECKSUM: 39eb56de1adfc538ec450ceba03c25930c09d261

COCOAPODS: 1.10.1
