// !$*UTF8*$!
{
	archiveVersion = 1;
	classes = {
	};
	objectVersion = 51;
	objects = {

/* Begin PBXBuildFile section */
		140B2B6427422E960033F071 /* GlobalManager.swift in Sources */ = {isa = PBXBuildFile; fileRef = 140B2B6327422E950033F071 /* GlobalManager.swift */; };
		140B2B68274232050033F071 /* UIView+Toast.swift in Sources */ = {isa = PBXBuildFile; fileRef = 140B2B67274232050033F071 /* UIView+Toast.swift */; };
		1428CDEA2861C2280070AE3A /* AppInfo.swift in Sources */ = {isa = PBXBuildFile; fileRef = 1428CDE92861C2280070AE3A /* AppInfo.swift */; };
		1449E45D2818DD8E00DF197E /* WebCacheEventHandle.swift in Sources */ = {isa = PBXBuildFile; fileRef = 1449E45C2818DD8E00DF197E /* WebCacheEventHandle.swift */; };
		1449E462281A8C9900DF197E /* NetworkStatusManager.swift in Sources */ = {isa = PBXBuildFile; fileRef = 1449E461281A8C9900DF197E /* NetworkStatusManager.swift */; };
		149D589628115685001F17C2 /* WebViewBaseScriptEvent.swift in Sources */ = {isa = PBXBuildFile; fileRef = 149D589528115685001F17C2 /* WebViewBaseScriptEvent.swift */; };
		14B6A84827E5B20300C44A20 /* WebViewController.swift in Sources */ = {isa = PBXBuildFile; fileRef = 14B6A84727E5B20300C44A20 /* WebViewController.swift */; };
		14C30586274B83C8006A6746 /* SwiftHeadFile.swift in Sources */ = {isa = PBXBuildFile; fileRef = 14C30585274B83C8006A6746 /* SwiftHeadFile.swift */; };
		14E06A7628606D4800E457D6 /* DeviceInfo.swift in Sources */ = {isa = PBXBuildFile; fileRef = 14E06A7528606D4800E457D6 /* DeviceInfo.swift */; };
		14FC5EE8284473DB0072454B /* GlobalApi.swift in Sources */ = {isa = PBXBuildFile; fileRef = 14FC5EE7284473DB0072454B /* GlobalApi.swift */; };
		14FC5EEA28449ED70072454B /* GlobalPlugin.swift in Sources */ = {isa = PBXBuildFile; fileRef = 14FC5EE928449ED70072454B /* GlobalPlugin.swift */; };
		344A8ADD2654AC5E00986D3E /* AppDelegate.swift in Sources */ = {isa = PBXBuildFile; fileRef = 344A8ADC2654AC5E00986D3E /* AppDelegate.swift */; };
		344A8AE12654AC5E00986D3E /* ViewController.swift in Sources */ = {isa = PBXBuildFile; fileRef = 344A8AE02654AC5E00986D3E /* ViewController.swift */; };
		344A8AE62654AC5F00986D3E /* Assets.xcassets in Resources */ = {isa = PBXBuildFile; fileRef = 344A8AE52654AC5F00986D3E /* Assets.xcassets */; };
		344A8AE92654AC5F00986D3E /* LaunchScreen.storyboard in Resources */ = {isa = PBXBuildFile; fileRef = 344A8AE72654AC5F00986D3E /* LaunchScreen.storyboard */; };
		79AD4957E1B0E6ACC36EF646 /* Pods_projectDemo.framework in Frameworks */ = {isa = PBXBuildFile; fileRef = 9B8A9BE77ECF3E9FED24BDC7 /* Pods_projectDemo.framework */; };
		BD9B69542851E1A8000B5091 /* LogManager.swift in Sources */ = {isa = PBXBuildFile; fileRef = BD9B69532851E1A8000B5091 /* LogManager.swift */; };
/* End PBXBuildFile section */

/* Begin PBXFileReference section */
		029703BDC1475643953EF918 /* Pods-projectDemo.release.xcconfig */ = {isa = PBXFileReference; includeInIndex = 1; lastKnownFileType = text.xcconfig; name = "Pods-projectDemo.release.xcconfig"; path = "Target Support Files/Pods-projectDemo/Pods-projectDemo.release.xcconfig"; sourceTree = "<group>"; };
		140B2B6327422E950033F071 /* GlobalManager.swift */ = {isa = PBXFileReference; lastKnownFileType = sourcecode.swift; path = GlobalManager.swift; sourceTree = "<group>"; };
		140B2B67274232050033F071 /* UIView+Toast.swift */ = {isa = PBXFileReference; lastKnownFileType = sourcecode.swift; path = "UIView+Toast.swift"; sourceTree = "<group>"; };
		1428CDE92861C2280070AE3A /* AppInfo.swift */ = {isa = PBXFileReference; lastKnownFileType = sourcecode.swift; path = AppInfo.swift; sourceTree = "<group>"; };
		1449E45C2818DD8E00DF197E /* WebCacheEventHandle.swift */ = {isa = PBXFileReference; lastKnownFileType = sourcecode.swift; path = WebCacheEventHandle.swift; sourceTree = "<group>"; };
		1449E461281A8C9900DF197E /* NetworkStatusManager.swift */ = {isa = PBXFileReference; lastKnownFileType = sourcecode.swift; path = NetworkStatusManager.swift; sourceTree = "<group>"; };
		149D589528115685001F17C2 /* WebViewBaseScriptEvent.swift */ = {isa = PBXFileReference; lastKnownFileType = sourcecode.swift; path = WebViewBaseScriptEvent.swift; sourceTree = "<group>"; };
		14B6A84727E5B20300C44A20 /* WebViewController.swift */ = {isa = PBXFileReference; lastKnownFileType = sourcecode.swift; path = WebViewController.swift; sourceTree = "<group>"; };
		14C30585274B83C8006A6746 /* SwiftHeadFile.swift */ = {isa = PBXFileReference; lastKnownFileType = sourcecode.swift; path = SwiftHeadFile.swift; sourceTree = "<group>"; };
		14C3058D274B9D3F006A6746 /* CoreLocation.framework */ = {isa = PBXFileReference; lastKnownFileType = wrapper.framework; name = CoreLocation.framework; path = System/Library/Frameworks/CoreLocation.framework; sourceTree = SDKROOT; };
		14C5937E2660D3D3007BD8E5 /* projectDemo-Bridging-Header.h */ = {isa = PBXFileReference; lastKnownFileType = sourcecode.c.h; path = "projectDemo-Bridging-Header.h"; sourceTree = "<group>"; };
		14E06A7528606D4800E457D6 /* DeviceInfo.swift */ = {isa = PBXFileReference; lastKnownFileType = sourcecode.swift; path = DeviceInfo.swift; sourceTree = "<group>"; };
		14FC5EE7284473DB0072454B /* GlobalApi.swift */ = {isa = PBXFileReference; lastKnownFileType = sourcecode.swift; path = GlobalApi.swift; sourceTree = "<group>"; };
		14FC5EE928449ED70072454B /* GlobalPlugin.swift */ = {isa = PBXFileReference; lastKnownFileType = sourcecode.swift; path = GlobalPlugin.swift; sourceTree = "<group>"; };
		2ABB6603B513E40D840CEFD8 /* Pods-projectDemo.debug.xcconfig */ = {isa = PBXFileReference; includeInIndex = 1; lastKnownFileType = text.xcconfig; name = "Pods-projectDemo.debug.xcconfig"; path = "Target Support Files/Pods-projectDemo/Pods-projectDemo.debug.xcconfig"; sourceTree = "<group>"; };
		344A8AD92654AC5E00986D3E /* projectDemo.app */ = {isa = PBXFileReference; explicitFileType = wrapper.application; includeInIndex = 0; path = projectDemo.app; sourceTree = BUILT_PRODUCTS_DIR; };
		344A8ADC2654AC5E00986D3E /* AppDelegate.swift */ = {isa = PBXFileReference; lastKnownFileType = sourcecode.swift; path = AppDelegate.swift; sourceTree = "<group>"; };
		344A8AE02654AC5E00986D3E /* ViewController.swift */ = {isa = PBXFileReference; lastKnownFileType = sourcecode.swift; path = ViewController.swift; sourceTree = "<group>"; };
		344A8AE52654AC5F00986D3E /* Assets.xcassets */ = {isa = PBXFileReference; lastKnownFileType = folder.assetcatalog; path = Assets.xcassets; sourceTree = "<group>"; };
		344A8AE82654AC5F00986D3E /* Base */ = {isa = PBXFileReference; lastKnownFileType = file.storyboard; name = Base; path = Base.lproj/LaunchScreen.storyboard; sourceTree = "<group>"; };
		344A8AEA2654AC5F00986D3E /* Info.plist */ = {isa = PBXFileReference; lastKnownFileType = text.plist.xml; path = Info.plist; sourceTree = "<group>"; };
		9B8A9BE77ECF3E9FED24BDC7 /* Pods_projectDemo.framework */ = {isa = PBXFileReference; explicitFileType = wrapper.framework; includeInIndex = 0; path = Pods_projectDemo.framework; sourceTree = BUILT_PRODUCTS_DIR; };
		BD9B69532851E1A8000B5091 /* LogManager.swift */ = {isa = PBXFileReference; lastKnownFileType = sourcecode.swift; path = LogManager.swift; sourceTree = "<group>"; };
/* End PBXFileReference section */

/* Begin PBXFrameworksBuildPhase section */
		344A8AD62654AC5E00986D3E /* Frameworks */ = {
			isa = PBXFrameworksBuildPhase;
			buildActionMask = 2147483647;
			files = (
				79AD4957E1B0E6ACC36EF646 /* Pods_projectDemo.framework in Frameworks */,
			);
			runOnlyForDeploymentPostprocessing = 0;
		};
/* End PBXFrameworksBuildPhase section */

/* Begin PBXGroup section */
		06012002D8B0CEC5444E171B /* Pods */ = {
			isa = PBXGroup;
			children = (
				2ABB6603B513E40D840CEFD8 /* Pods-projectDemo.debug.xcconfig */,
				029703BDC1475643953EF918 /* Pods-projectDemo.release.xcconfig */,
			);
			path = Pods;
			sourceTree = "<group>";
		};
		140B2B6227422E6F0033F071 /* Configuration */ = {
			isa = PBXGroup;
			children = (
				140B2B6327422E950033F071 /* GlobalManager.swift */,
			);
			path = Configuration;
			sourceTree = "<group>";
		};
		140B2B66274231C00033F071 /* Manager */ = {
			isa = PBXGroup;
			children = (
				140B2B67274232050033F071 /* UIView+Toast.swift */,
			);
			path = Manager;
			sourceTree = "<group>";
		};
		1449E460281A8C6400DF197E /* Tool */ = {
			isa = PBXGroup;
			children = (
				1449E461281A8C9900DF197E /* NetworkStatusManager.swift */,
			);
			path = Tool;
			sourceTree = "<group>";
		};
		14846CAC2660D5AE003CDD8A /* Request */ = {
			isa = PBXGroup;
			children = (
				14FC5EE7284473DB0072454B /* GlobalApi.swift */,
				14FC5EE928449ED70072454B /* GlobalPlugin.swift */,
			);
			path = Request;
			sourceTree = "<group>";
		};
		14B6A84027DA516000C44A20 /* WebView */ = {
			isa = PBXGroup;
			children = (
				14B6A84727E5B20300C44A20 /* WebViewController.swift */,
				149D589528115685001F17C2 /* WebViewBaseScriptEvent.swift */,
				1449E45C2818DD8E00DF197E /* WebCacheEventHandle.swift */,
			);
			path = WebView;
			sourceTree = "<group>";
		};
		14C5936C2660CF91007BD8E5 /* Main */ = {
			isa = PBXGroup;
			children = (
				140B2B6227422E6F0033F071 /* Configuration */,
				344A8AE72654AC5F00986D3E /* LaunchScreen.storyboard */,
				344A8ADC2654AC5E00986D3E /* AppDelegate.swift */,
			);
			path = Main;
			sourceTree = "<group>";
		};
		14C5936D2660CFA3007BD8E5 /* Business */ = {
			isa = PBXGroup;
			children = (
				344A8AE02654AC5E00986D3E /* ViewController.swift */,
			);
			path = Business;
			sourceTree = "<group>";
		};
		14C5936E2660CFC0007BD8E5 /* Resource */ = {
			isa = PBXGroup;
			children = (
				14C593772660D267007BD8E5 /* Bridge */,
				14C593762660D259007BD8E5 /* Plist */,
				14C593752660D24F007BD8E5 /* Assets */,
			);
			path = Resource;
			sourceTree = "<group>";
		};
		14C5936F2660D178007BD8E5 /* Global */ = {
			isa = PBXGroup;
			children = (
				14E06A7428606D2F00E457D6 /* BaseInfo */,
				14B6A84027DA516000C44A20 /* WebView */,
				14C593702660D193007BD8E5 /* ThirdParty */,
			);
			path = Global;
			sourceTree = "<group>";
		};
		14C593702660D193007BD8E5 /* ThirdParty */ = {
			isa = PBXGroup;
			children = (
				BD9B69522851E07C000B5091 /* LogManager */,
				140B2B66274231C00033F071 /* Manager */,
				14C593712660D1DA007BD8E5 /* NetWork */,
			);
			path = ThirdParty;
			sourceTree = "<group>";
		};
		14C593712660D1DA007BD8E5 /* NetWork */ = {
			isa = PBXGroup;
			children = (
				1449E460281A8C6400DF197E /* Tool */,
				14846CAC2660D5AE003CDD8A /* Request */,
			);
			path = NetWork;
			sourceTree = "<group>";
		};
		14C593752660D24F007BD8E5 /* Assets */ = {
			isa = PBXGroup;
			children = (
				344A8AE52654AC5F00986D3E /* Assets.xcassets */,
			);
			path = Assets;
			sourceTree = "<group>";
		};
		14C593762660D259007BD8E5 /* Plist */ = {
			isa = PBXGroup;
			children = (
				344A8AEA2654AC5F00986D3E /* Info.plist */,
			);
			path = Plist;
			sourceTree = "<group>";
		};
		14C593772660D267007BD8E5 /* Bridge */ = {
			isa = PBXGroup;
			children = (
				14C5937E2660D3D3007BD8E5 /* projectDemo-Bridging-Header.h */,
				14C30585274B83C8006A6746 /* SwiftHeadFile.swift */,
			);
			path = Bridge;
			sourceTree = "<group>";
		};
		14E06A7428606D2F00E457D6 /* BaseInfo */ = {
			isa = PBXGroup;
			children = (
				14E06A7528606D4800E457D6 /* DeviceInfo.swift */,
				1428CDE92861C2280070AE3A /* AppInfo.swift */,
			);
			path = BaseInfo;
			sourceTree = "<group>";
		};
		344A8AD02654AC5E00986D3E = {
			isa = PBXGroup;
			children = (
				344A8ADB2654AC5E00986D3E /* projectDemo */,
				344A8ADA2654AC5E00986D3E /* Products */,
				06012002D8B0CEC5444E171B /* Pods */,
				9BEC6A71038BCB90C0D47F5A /* Frameworks */,
			);
			sourceTree = "<group>";
		};
		344A8ADA2654AC5E00986D3E /* Products */ = {
			isa = PBXGroup;
			children = (
				344A8AD92654AC5E00986D3E /* projectDemo.app */,
			);
			name = Products;
			sourceTree = "<group>";
		};
		344A8ADB2654AC5E00986D3E /* projectDemo */ = {
			isa = PBXGroup;
			children = (
				14C5936F2660D178007BD8E5 /* Global */,
				14C5936E2660CFC0007BD8E5 /* Resource */,
				14C5936D2660CFA3007BD8E5 /* Business */,
				14C5936C2660CF91007BD8E5 /* Main */,
			);
			path = projectDemo;
			sourceTree = "<group>";
		};
		9BEC6A71038BCB90C0D47F5A /* Frameworks */ = {
			isa = PBXGroup;
			children = (
				14C3058D274B9D3F006A6746 /* CoreLocation.framework */,
				9B8A9BE77ECF3E9FED24BDC7 /* Pods_projectDemo.framework */,
			);
			name = Frameworks;
			sourceTree = "<group>";
		};
		BD9B69522851E07C000B5091 /* LogManager */ = {
			isa = PBXGroup;
			children = (
				BD9B69532851E1A8000B5091 /* LogManager.swift */,
			);
			path = LogManager;
			sourceTree = "<group>";
		};
/* End PBXGroup section */

/* Begin PBXNativeTarget section */
		344A8AD82654AC5E00986D3E /* projectDemo */ = {
			isa = PBXNativeTarget;
			buildConfigurationList = 344A8AED2654AC5F00986D3E /* Build configuration list for PBXNativeTarget "projectDemo" */;
			buildPhases = (
				1598EBC523BD23EDA2CE6526 /* [CP] Check Pods Manifest.lock */,
				344A8AD52654AC5E00986D3E /* Sources */,
				344A8AD62654AC5E00986D3E /* Frameworks */,
				344A8AD72654AC5E00986D3E /* Resources */,
				4B27ADEF9681F88A71B98C30 /* [CP] Embed Pods Frameworks */,
			);
			buildRules = (
			);
			dependencies = (
			);
			name = projectDemo;
			productName = projectDemo;
			productReference = 344A8AD92654AC5E00986D3E /* projectDemo.app */;
			productType = "com.apple.product-type.application";
		};
/* End PBXNativeTarget section */

/* Begin PBXProject section */
		344A8AD12654AC5E00986D3E /* Project object */ = {
			isa = PBXProject;
			attributes = {
				LastSwiftUpdateCheck = 1240;
				LastUpgradeCheck = 1240;
				TargetAttributes = {
					344A8AD82654AC5E00986D3E = {
						CreatedOnToolsVersion = 12.4;
						LastSwiftMigration = 1240;
					};
				};
			};
			buildConfigurationList = 344A8AD42654AC5E00986D3E /* Build configuration list for PBXProject "projectDemo" */;
			compatibilityVersion = "Xcode 9.3";
			developmentRegion = en;
			hasScannedForEncodings = 0;
			knownRegions = (
				en,
				Base,
				"zh-Hans",
			);
			mainGroup = 344A8AD02654AC5E00986D3E;
			productRefGroup = 344A8ADA2654AC5E00986D3E /* Products */;
			projectDirPath = "";
			projectRoot = "";
			targets = (
				344A8AD82654AC5E00986D3E /* projectDemo */,
			);
		};
/* End PBXProject section */

/* Begin PBXResourcesBuildPhase section */
		344A8AD72654AC5E00986D3E /* Resources */ = {
			isa = PBXResourcesBuildPhase;
			buildActionMask = 2147483647;
			files = (
				344A8AE92654AC5F00986D3E /* LaunchScreen.storyboard in Resources */,
				344A8AE62654AC5F00986D3E /* Assets.xcassets in Resources */,
			);
			runOnlyForDeploymentPostprocessing = 0;
		};
/* End PBXResourcesBuildPhase section */

/* Begin PBXShellScriptBuildPhase section */
		1598EBC523BD23EDA2CE6526 /* [CP] Check Pods Manifest.lock */ = {
			isa = PBXShellScriptBuildPhase;
			buildActionMask = 2147483647;
			files = (
			);
			inputFileListPaths = (
			);
			inputPaths = (
				"${PODS_PODFILE_DIR_PATH}/Podfile.lock",
				"${PODS_ROOT}/Manifest.lock",
			);
			name = "[CP] Check Pods Manifest.lock";
			outputFileListPaths = (
			);
			outputPaths = (
				"$(DERIVED_FILE_DIR)/Pods-projectDemo-checkManifestLockResult.txt",
			);
			runOnlyForDeploymentPostprocessing = 0;
			shellPath = /bin/sh;
			shellScript = "diff \"${PODS_PODFILE_DIR_PATH}/Podfile.lock\" \"${PODS_ROOT}/Manifest.lock\" > /dev/null\nif [ $? != 0 ] ; then\n    # print error to STDERR\n    echo \"error: The sandbox is not in sync with the Podfile.lock. Run 'pod install' or update your CocoaPods installation.\" >&2\n    exit 1\nfi\n# This output is used by Xcode 'outputs' to avoid re-running this script phase.\necho \"SUCCESS\" > \"${SCRIPT_OUTPUT_FILE_0}\"\n";
			showEnvVarsInLog = 0;
		};
		4B27ADEF9681F88A71B98C30 /* [CP] Embed Pods Frameworks */ = {
			isa = PBXShellScriptBuildPhase;
			buildActionMask = 2147483647;
			files = (
			);
			inputFileListPaths = (
				"${PODS_ROOT}/Target Support Files/Pods-projectDemo/Pods-projectDemo-frameworks-${CONFIGURATION}-input-files.xcfilelist",
			);
			name = "[CP] Embed Pods Frameworks";
			outputFileListPaths = (
				"${PODS_ROOT}/Target Support Files/Pods-projectDemo/Pods-projectDemo-frameworks-${CONFIGURATION}-output-files.xcfilelist",
			);
			runOnlyForDeploymentPostprocessing = 0;
			shellPath = /bin/sh;
			shellScript = "\"${PODS_ROOT}/Target Support Files/Pods-projectDemo/Pods-projectDemo-frameworks.sh\"\n";
			showEnvVarsInLog = 0;
		};
/* End PBXShellScriptBuildPhase section */

/* Begin PBXSourcesBuildPhase section */
		344A8AD52654AC5E00986D3E /* Sources */ = {
			isa = PBXSourcesBuildPhase;
			buildActionMask = 2147483647;
			files = (
				BD9B69542851E1A8000B5091 /* LogManager.swift in Sources */,
				14B6A84827E5B20300C44A20 /* WebViewController.swift in Sources */,
				14E06A7628606D4800E457D6 /* DeviceInfo.swift in Sources */,
				14FC5EE8284473DB0072454B /* GlobalApi.swift in Sources */,
				149D589628115685001F17C2 /* WebViewBaseScriptEvent.swift in Sources */,
				344A8AE12654AC5E00986D3E /* ViewController.swift in Sources */,
				1449E45D2818DD8E00DF197E /* WebCacheEventHandle.swift in Sources */,
				14FC5EEA28449ED70072454B /* GlobalPlugin.swift in Sources */,
				140B2B6427422E960033F071 /* GlobalManager.swift in Sources */,
				1449E462281A8C9900DF197E /* NetworkStatusManager.swift in Sources */,
				344A8ADD2654AC5E00986D3E /* AppDelegate.swift in Sources */,
				140B2B68274232050033F071 /* UIView+Toast.swift in Sources */,
				14C30586274B83C8006A6746 /* SwiftHeadFile.swift in Sources */,
				1428CDEA2861C2280070AE3A /* AppInfo.swift in Sources */,
			);
			runOnlyForDeploymentPostprocessing = 0;
		};
/* End PBXSourcesBuildPhase section */

/* Begin PBXVariantGroup section */
		344A8AE72654AC5F00986D3E /* LaunchScreen.storyboard */ = {
			isa = PBXVariantGroup;
			children = (
				344A8AE82654AC5F00986D3E /* Base */,
			);
			name = LaunchScreen.storyboard;
			sourceTree = "<group>";
		};
/* End PBXVariantGroup section */

/* Begin XCBuildConfiguration section */
		344A8AEB2654AC5F00986D3E /* Debug */ = {
			isa = XCBuildConfiguration;
			buildSettings = {
				ALWAYS_SEARCH_USER_PATHS = NO;
				CLANG_ANALYZER_NONNULL = YES;
				CLANG_ANALYZER_NUMBER_OBJECT_CONVERSION = YES_AGGRESSIVE;
				CLANG_CXX_LANGUAGE_STANDARD = "gnu++14";
				CLANG_CXX_LIBRARY = "libc++";
				CLANG_ENABLE_MODULES = YES;
				CLANG_ENABLE_OBJC_ARC = YES;
				CLANG_ENABLE_OBJC_WEAK = YES;
				CLANG_WARN_BLOCK_CAPTURE_AUTORELEASING = YES;
				CLANG_WARN_BOOL_CONVERSION = YES;
				CLANG_WARN_COMMA = YES;
				CLANG_WARN_CONSTANT_CONVERSION = YES;
				CLANG_WARN_DEPRECATED_OBJC_IMPLEMENTATIONS = YES;
				CLANG_WARN_DIRECT_OBJC_ISA_USAGE = YES_ERROR;
				CLANG_WARN_DOCUMENTATION_COMMENTS = YES;
				CLANG_WARN_EMPTY_BODY = YES;
				CLANG_WARN_ENUM_CONVERSION = YES;
				CLANG_WARN_INFINITE_RECURSION = YES;
				CLANG_WARN_INT_CONVERSION = YES;
				CLANG_WARN_NON_LITERAL_NULL_CONVERSION = YES;
				CLANG_WARN_OBJC_IMPLICIT_RETAIN_SELF = YES;
				CLANG_WARN_OBJC_LITERAL_CONVERSION = YES;
				CLANG_WARN_OBJC_ROOT_CLASS = YES_ERROR;
				CLANG_WARN_QUOTED_INCLUDE_IN_FRAMEWORK_HEADER = YES;
				CLANG_WARN_RANGE_LOOP_ANALYSIS = YES;
				CLANG_WARN_STRICT_PROTOTYPES = YES;
				CLANG_WARN_SUSPICIOUS_MOVE = YES;
				CLANG_WARN_UNGUARDED_AVAILABILITY = YES_AGGRESSIVE;
				CLANG_WARN_UNREACHABLE_CODE = YES;
				CLANG_WARN__DUPLICATE_METHOD_MATCH = YES;
				COPY_PHASE_STRIP = NO;
				DEBUG_INFORMATION_FORMAT = dwarf;
				ENABLE_STRICT_OBJC_MSGSEND = YES;
				ENABLE_TESTABILITY = YES;
				GCC_C_LANGUAGE_STANDARD = gnu11;
				GCC_DYNAMIC_NO_PIC = NO;
				GCC_NO_COMMON_BLOCKS = YES;
				GCC_OPTIMIZATION_LEVEL = 0;
				GCC_PREPROCESSOR_DEFINITIONS = (
					"DEBUG=1",
					"$(inherited)",
				);
				GCC_WARN_64_TO_32_BIT_CONVERSION = YES;
				GCC_WARN_ABOUT_RETURN_TYPE = YES_ERROR;
				GCC_WARN_UNDECLARED_SELECTOR = YES;
				GCC_WARN_UNINITIALIZED_AUTOS = YES_AGGRESSIVE;
				GCC_WARN_UNUSED_FUNCTION = YES;
				GCC_WARN_UNUSED_VARIABLE = YES;
				IPHONEOS_DEPLOYMENT_TARGET = 11.0;
				MTL_ENABLE_DEBUG_INFO = INCLUDE_SOURCE;
				MTL_FAST_MATH = YES;
				ONLY_ACTIVE_ARCH = YES;
				SDKROOT = iphoneos;
				SWIFT_ACTIVE_COMPILATION_CONDITIONS = DEBUG;
				SWIFT_OPTIMIZATION_LEVEL = "-Onone";
			};
			name = Debug;
		};
		344A8AEC2654AC5F00986D3E /* Release */ = {
			isa = XCBuildConfiguration;
			buildSettings = {
				ALWAYS_SEARCH_USER_PATHS = NO;
				CLANG_ANALYZER_NONNULL = YES;
				CLANG_ANALYZER_NUMBER_OBJECT_CONVERSION = YES_AGGRESSIVE;
				CLANG_CXX_LANGUAGE_STANDARD = "gnu++14";
				CLANG_CXX_LIBRARY = "libc++";
				CLANG_ENABLE_MODULES = YES;
				CLANG_ENABLE_OBJC_ARC = YES;
				CLANG_ENABLE_OBJC_WEAK = YES;
				CLANG_WARN_BLOCK_CAPTURE_AUTORELEASING = YES;
				CLANG_WARN_BOOL_CONVERSION = YES;
				CLANG_WARN_COMMA = YES;
				CLANG_WARN_CONSTANT_CONVERSION = YES;
				CLANG_WARN_DEPRECATED_OBJC_IMPLEMENTATIONS = YES;
				CLANG_WARN_DIRECT_OBJC_ISA_USAGE = YES_ERROR;
				CLANG_WARN_DOCUMENTATION_COMMENTS = YES;
				CLANG_WARN_EMPTY_BODY = YES;
				CLANG_WARN_ENUM_CONVERSION = YES;
				CLANG_WARN_INFINITE_RECURSION = YES;
				CLANG_WARN_INT_CONVERSION = YES;
				CLANG_WARN_NON_LITERAL_NULL_CONVERSION = YES;
				CLANG_WARN_OBJC_IMPLICIT_RETAIN_SELF = YES;
				CLANG_WARN_OBJC_LITERAL_CONVERSION = YES;
				CLANG_WARN_OBJC_ROOT_CLASS = YES_ERROR;
				CLANG_WARN_QUOTED_INCLUDE_IN_FRAMEWORK_HEADER = YES;
				CLANG_WARN_RANGE_LOOP_ANALYSIS = YES;
				CLANG_WARN_STRICT_PROTOTYPES = YES;
				CLANG_WARN_SUSPICIOUS_MOVE = YES;
				CLANG_WARN_UNGUARDED_AVAILABILITY = YES_AGGRESSIVE;
				CLANG_WARN_UNREACHABLE_CODE = YES;
				CLANG_WARN__DUPLICATE_METHOD_MATCH = YES;
				COPY_PHASE_STRIP = NO;
				DEBUG_INFORMATION_FORMAT = "dwarf-with-dsym";
				ENABLE_NS_ASSERTIONS = NO;
				ENABLE_STRICT_OBJC_MSGSEND = YES;
				GCC_C_LANGUAGE_STANDARD = gnu11;
				GCC_NO_COMMON_BLOCKS = YES;
				GCC_WARN_64_TO_32_BIT_CONVERSION = YES;
				GCC_WARN_ABOUT_RETURN_TYPE = YES_ERROR;
				GCC_WARN_UNDECLARED_SELECTOR = YES;
				GCC_WARN_UNINITIALIZED_AUTOS = YES_AGGRESSIVE;
				GCC_WARN_UNUSED_FUNCTION = YES;
				GCC_WARN_UNUSED_VARIABLE = YES;
				IPHONEOS_DEPLOYMENT_TARGET = 11.0;
				MTL_ENABLE_DEBUG_INFO = NO;
				MTL_FAST_MATH = YES;
				SDKROOT = iphoneos;
				SWIFT_COMPILATION_MODE = wholemodule;
				SWIFT_OPTIMIZATION_LEVEL = "-O";
				VALIDATE_PRODUCT = YES;
			};
			name = Release;
		};
		344A8AEE2654AC5F00986D3E /* Debug */ = {
			isa = XCBuildConfiguration;
			baseConfigurationReference = 2ABB6603B513E40D840CEFD8 /* Pods-projectDemo.debug.xcconfig */;
			buildSettings = {
				ASSETCATALOG_COMPILER_APPICON_NAME = AppIcon;
				ASSETCATALOG_COMPILER_GLOBAL_ACCENT_COLOR_NAME = AccentColor;
				CLANG_ENABLE_MODULES = YES;
				CODE_SIGN_IDENTITY = "Apple Development";
				CODE_SIGN_STYLE = Automatic;
				DEVELOPMENT_TEAM = N5M2YYXAZ3;
				INFOPLIST_FILE = projectDemo/Resource/Plist/Info.plist;
				IPHONEOS_DEPLOYMENT_TARGET = 11.0;
				LD_RUNPATH_SEARCH_PATHS = (
					"$(inherited)",
					"@executable_path/Frameworks",
				);
				MARKETING_VERSION = 1.0.0;
				PRODUCT_BUNDLE_IDENTIFIER = com.cheng.demo;
				PRODUCT_NAME = "$(TARGET_NAME)";
				PROVISIONING_PROFILE_SPECIFIER = "";
				SWIFT_ENABLE_BATCH_MODE = NO;
				SWIFT_OBJC_BRIDGING_HEADER = "projectDemo/Resource/Bridge/projectDemo-Bridging-Header.h";
				SWIFT_OPTIMIZATION_LEVEL = "-Onone";
				SWIFT_VERSION = 5.0;
				TARGETED_DEVICE_FAMILY = 1;
			};
			name = Debug;
		};
		344A8AEF2654AC5F00986D3E /* Release */ = {
			isa = XCBuildConfiguration;
			baseConfigurationReference = 029703BDC1475643953EF918 /* Pods-projectDemo.release.xcconfig */;
			buildSettings = {
				ASSETCATALOG_COMPILER_APPICON_NAME = AppIcon;
				ASSETCATALOG_COMPILER_GLOBAL_ACCENT_COLOR_NAME = AccentColor;
				CLANG_ENABLE_MODULES = YES;
				CODE_SIGN_IDENTITY = "Apple Development";
				CODE_SIGN_STYLE = Automatic;
				DEVELOPMENT_TEAM = URCRPD948D;
				INFOPLIST_FILE = projectDemo/Resource/Plist/Info.plist;
				IPHONEOS_DEPLOYMENT_TARGET = 11.0;
				LD_RUNPATH_SEARCH_PATHS = (
					"$(inherited)",
					"@executable_path/Frameworks",
				);
				MARKETING_VERSION = 1.0.0;
				PRODUCT_BUNDLE_IDENTIFIER = com.cheng.demo;
				PRODUCT_NAME = "$(TARGET_NAME)";
				PROVISIONING_PROFILE_SPECIFIER = "";
				SWIFT_ENABLE_BATCH_MODE = NO;
				SWIFT_OBJC_BRIDGING_HEADER = "projectDemo/Resource/Bridge/projectDemo-Bridging-Header.h";
				SWIFT_VERSION = 5.0;
				TARGETED_DEVICE_FAMILY = 1;
			};
			name = Release;
		};
/* End XCBuildConfiguration section */

/* Begin XCConfigurationList section */
		344A8AD42654AC5E00986D3E /* Build configuration list for PBXProject "projectDemo" */ = {
			isa = XCConfigurationList;
			buildConfigurations = (
				344A8AEB2654AC5F00986D3E /* Debug */,
				344A8AEC2654AC5F00986D3E /* Release */,
			);
			defaultConfigurationIsVisible = 0;
			defaultConfigurationName = Release;
		};
		344A8AED2654AC5F00986D3E /* Build configuration list for PBXNativeTarget "projectDemo" */ = {
			isa = XCConfigurationList;
			buildConfigurations = (
				344A8AEE2654AC5F00986D3E /* Debug */,
				344A8AEF2654AC5F00986D3E /* Release */,
			);
			defaultConfigurationIsVisible = 0;
			defaultConfigurationName = Release;
		};
/* End XCConfigurationList section */
	};
	rootObject = 344A8AD12654AC5E00986D3E /* Project object */;
}
